#MicroXplorer Configuration settings - do not modify
Mcu.Family=STM32F4
ProjectManager.MainLocation=Core/Src
USB_DEVICE.CLASS_NAME_FS=CDC
USART2.IPParameters=VirtualMode,BaudRate
RCC.CortexFreq_Value=168000000
SPI4.VirtualType=VM_SLAVE
ProjectManager.KeepUserCode=true
PE11.GPIOParameters=GPIO_Label
Mcu.UserName=STM32F427IIHx
PE11.GPIO_Label=Red_LED
RCC.PLLCLKFreq_Value=168000000
RCC.PLLQCLKFreq_Value=48000000
SPI4.Direction=SPI_DIRECTION_2LINES
ProjectManager.functionlistsort=1-MX_GPIO_Init-GPIO-false-HAL-true,2-SystemClock_Config-RCC-false-HAL-false,3-MX_USART2_UART_Init-USART2-false-HAL-true,4-MX_CAN1_Init-CAN1-false-HAL-true,5-MX_SPI4_Init-SPI4-false-HAL-true,6-MX_SPI5_Init-SPI5-false-HAL-true,7-MX_I2C2_Init-I2C2-false-HAL-true,8-MX_TIM2_Init-TIM2-false-HAL-true,9-MX_USB_DEVICE_Init-USB_DEVICE-false-HAL-false
PA11.Mode=Device_Only
RCC.RTCFreq_Value=32000
PD6.Locked=true
PB2/BOOT1.GPIOParameters=GPIO_Label
USB_DEVICE.VirtualMode-CDC_FS=Cdc
PD0.Locked=true
PH5.GPIO_Label=Motor_Power_Switch_04
TIM2.Channel-PWM\ Generation2\ CH2=TIM_CHANNEL_2
PinOutPanel.RotationAngle=0
PF6.GPIO_Label=SPI5_CS
PH5.GPIOParameters=GPIO_Label
RCC.SYSCLKSource=RCC_SYSCLKSOURCE_PLLCLK
ProjectManager.StackSize=0x400
VP_FREERTOS_VS_CMSIS_V2.Mode=CMSIS_V2
RCC.SAI_BClocksFreq_Value=24500000
Mcu.IP4=RCC
RCC.FCLKCortexFreq_Value=168000000
Mcu.IP5=SPI4
Mcu.IP2=I2C2
NVIC.SVCall_IRQn=true\:0\:0\:false\:false\:false\:false\:false\:false
Mcu.IP3=NVIC
Mcu.IP0=CAN1
Mcu.IP1=FREERTOS
PA12.Signal=USB_OTG_FS_DP
PH4.GPIOParameters=GPIO_Label
PE4.GPIOParameters=GPIO_Label
PH5.Signal=GPIO_Output
PF9.Locked=true
Mcu.UserConstants=
SPI4.Mode=SPI_MODE_SLAVE
PH3.Locked=true
PF7.Signal=SPI5_SCK
NVIC.CAN1_TX_IRQn=true\:5\:0\:false\:false\:true\:true\:true\:true
Mcu.ThirdPartyNb=0
PH0/OSC_IN.Mode=HSE-External-Oscillator
RCC.HCLKFreq_Value=168000000
Mcu.IPNb=12
RCC.I2SClocksFreq_Value=192000000
TIM2.IPParameters=Channel-PWM Generation2 CH2,Prescaler,Period,AutoReloadPreload
ProjectManager.PreviousToolchain=
PF1.Locked=true
RCC.APB2TimFreq_Value=168000000
PB2/BOOT1.GPIO_Label=Button
RCC.VcooutputI2S=192000000
PH1/OSC_OUT.Signal=RCC_OSC_OUT
PD0.Signal=CAN1_RX
Mcu.Pin6=PA12
Mcu.Pin7=PD5
VP_TIM2_VS_ClockSourceINT.Signal=TIM2_VS_ClockSourceINT
Mcu.Pin8=PD1
PE5.Signal=SPI4_MISO
Mcu.Pin9=PA11
RCC.VCOSAIOutputFreq_Value=98000000
SPI4.IPParameters=VirtualType,Mode,Direction
FREERTOS.IPParameters=Tasks01,FootprintOK
RCC.AHBFreq_Value=168000000
Mcu.Pin0=PE2
PD5.Mode=Asynchronous
Mcu.Pin1=PE4
GPIO.groupedBy=Group By Peripherals
Mcu.Pin2=PE5
Mcu.Pin3=PE6
Mcu.Pin4=PD6
Mcu.Pin5=PD0
ProjectManager.ProjectBuild=false
RCC.HSE_VALUE=12000000
NVIC.UsageFault_IRQn=true\:0\:0\:false\:false\:true\:false\:false\:false
NVIC.DebugMonitor_IRQn=true\:0\:0\:false\:false\:true\:false\:false\:false
Mcu.IP10=USB_DEVICE
NVIC.SysTick_IRQn=true\:15\:0\:false\:false\:false\:true\:false\:true
Mcu.IP11=USB_OTG_FS
PH0/OSC_IN.Locked=true
ProjectManager.FirmwarePackage=STM32Cube FW_F4 V1.26.1
MxDb.Version=DB.6.0.21
PF9.Mode=Full_Duplex_Master
ProjectManager.BackupPrevious=false
RCC.VCOInputFreq_Value=2000000
PH1/OSC_OUT.Locked=true
File.Version=6
PE4.GPIO_Label=SPI4_CS
PH3.GPIOParameters=GPIO_Label
PE2.Signal=GPIO_Output
PF8.Mode=Full_Duplex_Master
NVIC.PendSV_IRQn=true\:15\:0\:false\:false\:false\:true\:false\:false
PH1/OSC_OUT.Mode=HSE-External-Oscillator
PE4.Signal=GPIO_Input
ProjectManager.HalAssertFull=false
ProjectManager.ProjectName=RoboMaster
RCC.MCO2PinFreq_Value=168000000
CAN1.Prescaler=4
Mcu.Package=UFBGA176
SPI5.BaudRatePrescaler=SPI_BAUDRATEPRESCALER_128
TIM2.Prescaler=168
NVIC.TimeBase=TIM8_UP_TIM13_IRQn
USART2.VirtualMode=VM_ASYNC
NVIC.OTG_FS_IRQn=true\:5\:0\:false\:false\:true\:true\:true\:true
ProjectManager.ToolChainLocation=
RCC.LSI_VALUE=32000
NVIC.TimeBaseIP=TIM13
FREERTOS.FootprintOK=true
USB_OTG_FS.VirtualMode=Device_Only
PF8.Signal=SPI5_MISO
VP_USB_DEVICE_VS_USB_DEVICE_CDC_FS.Signal=USB_DEVICE_VS_USB_DEVICE_CDC_FS
PF7.Locked=true
PH3.GPIO_Label=Motor_Power_Switch_02
SPI5.CalculateBaudRate=656.25 KBits/s
PH2.Signal=GPIO_Output
RCC.APB2CLKDivider=RCC_HCLK_DIV2
PF14.Signal=GPIO_Output
RCC.APB1TimFreq_Value=84000000
NVIC.BusFault_IRQn=true\:0\:0\:false\:false\:true\:false\:false\:false
PF0.Signal=I2C2_SDA
USB_OTG_FS.IPParameters=VirtualMode
PE6.Locked=true
PD6.Signal=USART2_RX
PD5.Locked=true
CAN1.CalculateTimeBit=1142.85
PE2.GPIO_Label=IST8310_Reset
PE12.Locked=true
SPI5.VirtualType=VM_MASTER
ProjectManager.CustomerFirmwarePackage=
RCC.SAI_AClocksFreq_Value=24500000
CAN1.CalculateTimeQuantum=95.23809523809524
PE12.Mode=Full_Duplex_Slave
ProjectManager.ProjectFileName=RoboMaster.ioc
FREERTOS.Tasks01=DefaultTask,24,1024,StartDefaultTask,Default,NULL,Dynamic,NULL,NULL;BlinkLEDTask,8,128,StartBlinkLEDTask,Default,NULL,Static,myTask02Buffer,myTask02ControlBlock;UpdatePIDTask,32,512,StartUpdatePIDTask,Default,NULL,Static,myTask03Buffer,myTask03ControlBlock;PrintInfo,16,512,StartPrintInfo,Default,NULL,Static,printInfoBuffer,printInfoControlBlock;ActuatorsTask,24,2048,StartActuatorsTask,Default,NULL,Static,ActuatorsTaskBuffer,ActuatorsTaskControlBlock;SensorsTask,24,2048,StartSensorsTask,Default,NULL,Static,SensorsTaskBuffer,SensorsTaskControlBlock;UpdateIMUTask,32,1024,StartUpdateIMUTask,Default,NULL,Static,UpdateIMUTaskBuffer,UpdateIMUTaskControlBlock
Mcu.PinsNb=31
ProjectManager.NoMain=false
USB_DEVICE.VirtualModeFS=Cdc_FS
NVIC.SavedSvcallIrqHandlerGenerated=true
CAN1.IPParameters=CalculateTimeQuantum,CalculateTimeBit,CalculateBaudRate,Prescaler,ABOM,BS1,BS2
CAN1.CalculateBaudRate=875000
PD1.Signal=CAN1_TX
ProjectManager.DefaultFWLocation=true
RCC.VCOSAIOutputFreq_ValueQ=24500000
PD5.Signal=USART2_TX
PF14.GPIO_Label=Green_LED
ProjectManager.DeletePrevious=true
RCC.APB1CLKDivider=RCC_HCLK_DIV4
PD6.Mode=Asynchronous
USB_DEVICE.IPParameters=VirtualMode-CDC_FS,VirtualModeFS,CLASS_NAME_FS
NVIC.USART2_IRQn=true\:5\:0\:false\:false\:true\:true\:true\:true
SPI5.Mode=SPI_MODE_MASTER
USART2.BaudRate=115200
PinOutPanel.CurrentBGAView=Top
RCC.FamilyName=M
PF7.Mode=Full_Duplex_Master
PF1.Mode=I2C
SH.S_TIM2_CH2.0=TIM2_CH2,PWM Generation2 CH2
PB2/BOOT1.Signal=GPIO_Input
PH4.Signal=GPIO_Output
CAN1.BS2=CAN_BS2_2TQ
PF6.Signal=GPIO_Output
PH4.Locked=true
CAN1.BS1=CAN_BS1_9TQ
ProjectManager.TargetToolchain=STM32CubeIDE
PF6.Locked=true
VP_USB_DEVICE_VS_USB_DEVICE_CDC_FS.Mode=CDC_FS
SH.S_TIM2_CH2.ConfNb=1
RCC.VcooutputI2SQ=192000000
PE4.Locked=true
PE2.GPIOParameters=GPIO_Label
ProjectManager.RegisterCallBack=
PH2.GPIOParameters=GPIO_Label
PE11.Signal=GPIO_Output
RCC.LSE_VALUE=32768
PA1.Signal=S_TIM2_CH2
CAN1.ABOM=ENABLE
RCC.VCOI2SOutputFreq_Value=384000000
board=custom
RCC.VCOOutputFreq_Value=336000000
ProjectManager.LastFirmware=true
PF14.GPIOParameters=GPIO_Label
PD1.Mode=CAN_Activate
PH4.GPIO_Label=Motor_Power_Switch_03
PH0/OSC_IN.Signal=RCC_OSC_IN
VP_SYS_VS_tim13.Signal=SYS_VS_tim13
NVIC.SavedSystickIrqHandlerGenerated=true
RCC.APB2Freq_Value=84000000
PE6.Mode=Full_Duplex_Slave
MxCube.Version=6.2.1
VP_SYS_VS_tim13.Mode=TIM13
VP_TIM2_VS_ClockSourceINT.Mode=Internal
PE5.Mode=Full_Duplex_Slave
Mcu.Pin30=VP_USB_DEVICE_VS_USB_DEVICE_CDC_FS
RCC.EthernetFreq_Value=168000000
NVIC.NonMaskableInt_IRQn=true\:0\:0\:false\:false\:true\:false\:false\:false
PF14.Locked=true
PF0.Locked=true
PE5.Locked=true
TIM2.Period=1000
PF1.Signal=I2C2_SCL
PE6.Signal=SPI4_MOSI
ProjectManager.FreePins=false
RCC.IPParameters=48MHZClocksFreq_Value,AHBFreq_Value,APB1CLKDivider,APB1Freq_Value,APB1TimFreq_Value,APB2CLKDivider,APB2Freq_Value,APB2TimFreq_Value,CortexFreq_Value,EthernetFreq_Value,FCLKCortexFreq_Value,FamilyName,HCLKFreq_Value,HSE_VALUE,HSI_VALUE,I2SClocksFreq_Value,LSE_VALUE,LSI_VALUE,MCO2PinFreq_Value,PLLCLKFreq_Value,PLLM,PLLN,PLLQ,PLLQCLKFreq_Value,RTCFreq_Value,RTCHSEDivFreq_Value,SAI_AClocksFreq_Value,SAI_BClocksFreq_Value,SYSCLKFreq_VALUE,SYSCLKSource,VCOI2SOutputFreq_Value,VCOInputFreq_Value,VCOOutputFreq_Value,VCOSAIOutputFreq_Value,VCOSAIOutputFreq_ValueQ,VcooutputI2S,VcooutputI2SQ
PE11.Locked=true
ProjectManager.AskForMigrate=true
Mcu.Name=STM32F427I(G-I)Hx
PD0.Mode=CAN_Activate
PE12.Signal=SPI4_SCK
Mcu.Pin26=PE12
Mcu.Pin27=VP_FREERTOS_VS_CMSIS_V2
NVIC.SavedPendsvIrqHandlerGenerated=true
RCC.RTCHSEDivFreq_Value=6000000
Mcu.Pin24=PE11
ProjectManager.UnderRoot=true
Mcu.Pin25=PF14
Mcu.IP8=TIM2
VP_FREERTOS_VS_CMSIS_V2.Signal=FREERTOS_VS_CMSIS_V2
Mcu.IP9=USART2
Mcu.Pin28=VP_SYS_VS_tim13
Mcu.IP6=SPI5
Mcu.Pin29=VP_TIM2_VS_ClockSourceINT
Mcu.IP7=SYS
ProjectManager.CoupleFile=false
RCC.48MHZClocksFreq_Value=48000000
RCC.SYSCLKFreq_VALUE=168000000
Mcu.Pin22=PB2/BOOT1
Mcu.Pin23=PA1
Mcu.Pin20=PF9
PA1.Locked=true
Mcu.Pin21=PF8
PA12.Mode=Device_Only
NVIC.ForceEnableDMAVector=true
KeepUserPlacement=false
NVIC.MemoryManagement_IRQn=true\:0\:0\:false\:false\:true\:false\:false\:false
ProjectManager.CompilerOptimize=6
PA11.Signal=USB_OTG_FS_DM
ProjectManager.HeapSize=0x200
PF0.Mode=I2C
Mcu.Pin15=PF1
NVIC.HardFault_IRQn=true\:0\:0\:false\:false\:true\:false\:false\:false
PH5.Locked=true
Mcu.Pin16=PH4
Mcu.Pin13=PH3
PF6.GPIOParameters=GPIO_Label
Mcu.Pin14=PH1/OSC_OUT
PF8.Locked=true
Mcu.Pin19=PF6
ProjectManager.ComputerToolchain=false
Mcu.Pin17=PH5
PF9.Signal=SPI5_MOSI
RCC.HSI_VALUE=16000000
Mcu.Pin18=PF7
NVIC.TIM8_UP_TIM13_IRQn=true\:0\:0\:false\:false\:true\:false\:false\:true
PH2.Locked=true
RCC.PLLQ=7
NVIC.PriorityGroup=NVIC_PRIORITYGROUP_4
Mcu.Pin11=PH2
PH3.Signal=GPIO_Output
Mcu.Pin12=PH0/OSC_IN
RCC.PLLM=6
RCC.PLLN=168
Mcu.Pin10=PF0
PB2/BOOT1.Locked=true
PE2.Locked=true
TIM2.AutoReloadPreload=TIM_AUTORELOAD_PRELOAD_ENABLE
RCC.APB1Freq_Value=42000000
SPI5.IPParameters=VirtualType,Mode,Direction,CalculateBaudRate,BaudRatePrescaler
ProjectManager.DeviceId=STM32F427IIHx
PH2.GPIO_Label=Motor_Power_Switch_01
ProjectManager.LibraryCopy=1
NVIC.CAN1_RX0_IRQn=true\:5\:0\:false\:false\:true\:true\:true\:true
SPI5.Direction=SPI_DIRECTION_2LINES
isbadioc=false
